
Microsoft Visual Studio Solution File, Format Version 12.00
# Visual Studio Version 16
VisualStudioVersion = 16.0.30309.148
MinimumVisualStudioVersion = 10.0.40219.1
Project("{FAE04EC0-301F-11D3-BF4B-00C04F79EFBC}") = "HHash", "HHash\HHash.csproj", "{EBBABEB9-E5EC-4320-9E41-B12B8745847A}"
EndProject
Project("{FAE04EC0-301F-11D3-BF4B-00C04F79EFBC}") = "HHasher.Tests", "HHasher.Tests\HHasher.Tests.csproj", "{EB9DE353-D324-456D-8116-1BB886392748}"
EndProject
Global
	GlobalSection(SolutionConfigurationPlatforms) = preSolution
		Debug|Any CPU = Debug|Any CPU
		Release|Any CPU = Release|Any CPU
	EndGlobalSection
	GlobalSection(ProjectConfigurationPlatforms) = postSolution
		{EBBABEB9-E5EC-4320-9E41-B12B8745847A}.Debug|Any CPU.ActiveCfg = Debug|Any CPU
		{EBBABEB9-E5EC-4320-9E41-B12B8745847A}.Debug|Any CPU.Build.0 = Debug|Any CPU
		{EBBABEB9-E5EC-4320-9E41-B12B8745847A}.Release|Any CPU.ActiveCfg = Release|Any CPU
		{EBBABEB9-E5EC-4320-9E41-B12B8745847A}.Release|Any CPU.Build.0 = Release|Any CPU
		{EB9DE353-D324-456D-8116-1BB886392748}.Debug|Any CPU.ActiveCfg = Debug|Any CPU
		{EB9DE353-D324-456D-8116-1BB886392748}.Debug|Any CPU.Build.0 = Debug|Any CPU
		{EB9DE353-D324-456D-8116-1BB886392748}.Release|Any CPU.ActiveCfg = Release|Any CPU
		{EB9DE353-D324-456D-8116-1BB886392748}.Release|Any CPU.Build.0 = Release|Any CPU
	EndGlobalSection
	GlobalSection(SolutionProperties) = preSolution
		HideSolutionNode = FALSE
	EndGlobalSection
	GlobalSection(ExtensibilityGlobals) = postSolution
		SolutionGuid = {ACB9983E-D7D9-4E3B-8768-8626EBF7D48E}
	EndGlobalSection
EndGlobal
